{
  "name": "@seanwong24/s-monaco-editor",
  "version": "0.0.1",
  "lockfileVersion": 1,
  "requires": true,
  "dependencies": {
    "@monaco-editor/loader": {
      "version": "1.0.0",
      "resolved": "https://registry.npmjs.org/@monaco-editor/loader/-/loader-1.0.0.tgz",
      "integrity": "sha512-CA35bf5Y7wFWfeJZfkLslOxiatln3oTBKkfbdo+TF5H+UdPP96qHvhOUjjd1DeQ2NWsRkVPSnoSYek7NE5B26w==",
      "requires": {
        "state-local": "^1.0.6"
      }
    },
    "@stencil/core": {
      "version": "2.3.0",
      "resolved": "https://registry.npmjs.org/@stencil/core/-/core-2.3.0.tgz",
      "integrity": "sha512-VZ/Ox0E1kngcmHbJhHUufuLELi+xG3of3LuRI3X2AMWyE82JUVYlOEsQci/YBZWpfc9BS9I36R88prBew22oew==",
      "dev": true
    },
    "monaco-editor": {
      "version": "0.21.3",
      "resolved": "https://registry.npmjs.org/monaco-editor/-/monaco-editor-0.21.3.tgz",
      "integrity": "sha512-9N7wATLpi+googstvtm6IKg97vPQ77FDYEpkow5tLriM/VJ0DaTRyUP4UVzcoH7KlPDX+e/rE7/imcOUeGkT6g==",
      "dev": true
    },
    "state-local": {
      "version": "1.0.7",
      "resolved": "https://registry.npmjs.org/state-local/-/state-local-1.0.7.tgz",
      "integrity": "sha512-HTEHMNieakEnoe33shBYcZ7NX83ACUjCu8c40iOGEZsngj9zRnkqS9j1pqQPXwobB0ZcVTk27REb7COQ0UR59w=="
    }
  }
}
